
Microsoft Visual Studio Solution File, Format Version 12.00
# Visual Studio 15
VisualStudioVersion = 15.0.26730.16
MinimumVisualStudioVersion = 10.0.40219.1
Project("{F184B08F-C81C-45F6-A57F-5ABD9991F28F}") = "ConsoleApp1", "ConsoleApp1\ConsoleApp1.vbproj", "{CCCE838B-5549-4FA1-8AE3-4C8D9E58F17E}"
EndProject
Global
	GlobalSection(SolutionConfigurationPlatforms) = preSolution
		Debug|Any CPU = Debug|Any CPU
		Release|Any CPU = Release|Any CPU
	EndGlobalSection
	GlobalSection(ProjectConfigurationPlatforms) = postSolution
		{CCCE838B-5549-4FA1-8AE3-4C8D9E58F17E}.Debug|Any CPU.ActiveCfg = Debug|Any CPU
		{CCCE838B-5549-4FA1-8AE3-4C8D9E58F17E}.Debug|Any CPU.Build.0 = Debug|Any CPU
		{CCCE838B-5549-4FA1-8AE3-4C8D9E58F17E}.Release|Any CPU.ActiveCfg = Release|Any CPU
		{CCCE838B-5549-4FA1-8AE3-4C8D9E58F17E}.Release|Any CPU.Build.0 = Release|Any CPU
	EndGlobalSection
	GlobalSection(SolutionProperties) = preSolution
		HideSolutionNode = FALSE
	EndGlobalSection
	GlobalSection(ExtensibilityGlobals) = postSolution
		SolutionGuid = {25B4822C-81D7-400F-9DCA-F6849C1B91A6}
	EndGlobalSection
EndGlobal
